
Microsoft Visual Studio Solution File, Format Version 12.00
# Visual Studio Version 17
VisualStudioVersion = 17.8.0.0
MinimumVisualStudioVersion = 17.8.0.0
Project("{9A19103F-16F7-4668-BE54-9A1E7A4F7556}") = "EShop.AppHost", "EShop.AppHost\EShop.AppHost.csproj", "{3327A69C-3798-4771-ACFB-1FA1D69C3C9C}"
EndProject
Project("{9A19103F-16F7-4668-BE54-9A1E7A4F7556}") = "EShop.ServiceDefaults", "EShop.ServiceDefaults\EShop.ServiceDefaults.csproj", "{5595A6CC-FFB2-4049-840C-1C112B3CB9C7}"
EndProject
Project("{2150E333-8FDC-42A3-9474-1A3956D46DE8}") = "EShop.ProductService", "EShop.ProductService", "{AC9692F7-043A-D7B8-1C81-5071EE330971}"
EndProject
Project("{2150E333-8FDC-42A3-9474-1A3956D46DE8}") = "src", "src", "{90F3E5CD-0AE1-472B-F69C-00547D4998A5}"
EndProject
Project("{FAE04EC0-301F-11D3-BF4B-00C04F79EFBC}") = "EShop.ProductService.API", "EShop.ProductService\src\EShop.ProductService.API\EShop.ProductService.API.csproj", "{05FFD21B-61A8-43FB-A6EF-0CA9C9475BDA}"
EndProject
Project("{FAE04EC0-301F-11D3-BF4B-00C04F79EFBC}") = "EShop.ProductService.Application", "EShop.ProductService\src\EShop.ProductService.Application\EShop.ProductService.Application.csproj", "{1DF07656-7CF8-40AB-BDE8-2DEB62F86BB1}"
EndProject
Project("{FAE04EC0-301F-11D3-BF4B-00C04F79EFBC}") = "EShop.ProductService.Domain", "EShop.ProductService\src\EShop.ProductService.Domain\EShop.ProductService.Domain.csproj", "{FFF8238A-312D-4CB9-99F4-55DF193F8503}"
EndProject
Project("{FAE04EC0-301F-11D3-BF4B-00C04F79EFBC}") = "EShop.ProductService.Infrastructure", "EShop.ProductService\src\EShop.ProductService.Infrastructure\EShop.ProductService.Infrastructure.csproj", "{256E83BD-6D41-461D-A150-5034DFADC5AF}"
EndProject
Project("{2150E333-8FDC-42A3-9474-1A3956D46DE8}") = "tests", "tests", "{90F00F6E-A6F2-ABB2-DCAE-80931E672E5C}"
EndProject
Project("{FAE04EC0-301F-11D3-BF4B-00C04F79EFBC}") = "EShop.ProductService.Tests", "EShop.ProductService\tests\EShop.ProductService.Tests\EShop.ProductService.Tests.csproj", "{D2606920-C4A4-42AD-9DAC-A8014D8353E3}"
EndProject
Project("{2150E333-8FDC-42A3-9474-1A3956D46DE8}") = "src", "src", "{7590B46D-EF60-8DA4-E4D1-80827D86B47F}"
EndProject
Project("{FAE04EC0-301F-11D3-BF4B-00C04F79EFBC}") = "EShop.OrderService.API", "EShop.OrderService\src\EShop.OrderService.API\EShop.OrderService.API.csproj", "{CDEDDA20-3F76-41D0-B037-95D237B3514E}"
EndProject
Project("{FAE04EC0-301F-11D3-BF4B-00C04F79EFBC}") = "EShop.OrderService.Application", "EShop.OrderService\src\EShop.OrderService.Application\EShop.OrderService.Application.csproj", "{8AE4959D-E098-4503-8CD7-406D23E164C5}"
EndProject
Project("{FAE04EC0-301F-11D3-BF4B-00C04F79EFBC}") = "EShop.OrderService.Domain", "EShop.OrderService\src\EShop.OrderService.Domain\EShop.OrderService.Domain.csproj", "{8621ECDA-55AE-4682-9C3D-5D4B181BB81E}"
EndProject
Project("{FAE04EC0-301F-11D3-BF4B-00C04F79EFBC}") = "EShop.OrderService.Infrastructure", "EShop.OrderService\src\EShop.OrderService.Infrastructure\EShop.OrderService.Infrastructure.csproj", "{9C75901F-E38C-4F33-AD71-011AB371D2B8}"
EndProject
Project("{2150E333-8FDC-42A3-9474-1A3956D46DE8}") = "tests", "tests", "{7159D1C9-C711-F71C-1FD5-ABC862660025}"
EndProject
Project("{FAE04EC0-301F-11D3-BF4B-00C04F79EFBC}") = "EShop.OrderService.Tests", "EShop.OrderService\tests\EShop.OrderService.Tests\EShop.OrderService.Tests.csproj", "{01CB3359-BCFC-4D19-965D-D6962A1481EE}"
EndProject
Project("{2150E333-8FDC-42A3-9474-1A3956D46DE8}") = "EShop.OrderService", "EShop.OrderService", "{02EA681E-C7D8-13C7-8484-4AC65E1B71E8}"
EndProject
Project("{2150E333-8FDC-42A3-9474-1A3956D46DE8}") = "EShop.UserService", "EShop.UserService", "{3CC7BA0C-5A2C-40CB-572C-DD7170B4CAD8}"
EndProject
Project("{2150E333-8FDC-42A3-9474-1A3956D46DE8}") = "src", "src", "{94C4EDA3-7149-CD2D-89C1-7222395C7D6F}"
EndProject
Project("{FAE04EC0-301F-11D3-BF4B-00C04F79EFBC}") = "EShop.UserService.Domain", "EShop.UserService\src\EShop.UserService.Domain\EShop.UserService.Domain.csproj", "{F737C7F2-1C04-4464-83AD-9EAFC342D7FC}"
EndProject
Project("{FAE04EC0-301F-11D3-BF4B-00C04F79EFBC}") = "EShop.UserService.Application", "EShop.UserService\src\EShop.UserService.Application\EShop.UserService.Application.csproj", "{8E481BF3-F536-40D3-8659-7007A4A6FD4E}"
EndProject
Project("{FAE04EC0-301F-11D3-BF4B-00C04F79EFBC}") = "EShop.UserService.Infrastructure", "EShop.UserService\src\EShop.UserService.Infrastructure\EShop.UserService.Infrastructure.csproj", "{EE09C782-7E48-4373-BE3C-6F2D543DB43C}"
EndProject
Project("{FAE04EC0-301F-11D3-BF4B-00C04F79EFBC}") = "EShop.UserService.API", "EShop.UserService\src\EShop.UserService.API\EShop.UserService.API.csproj", "{D1FC5C8F-36A0-452B-AFBE-CAA2E3F08F41}"
EndProject
Project("{2150E333-8FDC-42A3-9474-1A3956D46DE8}") = "tests", "tests", "{9E721EA2-ABF0-0197-188F-FE35BF8A4628}"
EndProject
Project("{FAE04EC0-301F-11D3-BF4B-00C04F79EFBC}") = "EShop.UserService.Tests", "EShop.UserService\tests\EShop.UserService.Tests\EShop.UserService.Tests.csproj", "{DB579540-ED00-4E9E-8274-1ED4AAF25FAE}"
EndProject
Global
	GlobalSection(SolutionConfigurationPlatforms) = preSolution
		Debug|Any CPU = Debug|Any CPU
		Debug|x64 = Debug|x64
		Debug|x86 = Debug|x86
		Release|Any CPU = Release|Any CPU
		Release|x64 = Release|x64
		Release|x86 = Release|x86
	EndGlobalSection
	GlobalSection(ProjectConfigurationPlatforms) = postSolution
		{3327A69C-3798-4771-ACFB-1FA1D69C3C9C}.Debug|Any CPU.ActiveCfg = Debug|Any CPU
		{3327A69C-3798-4771-ACFB-1FA1D69C3C9C}.Debug|Any CPU.Build.0 = Debug|Any CPU
		{3327A69C-3798-4771-ACFB-1FA1D69C3C9C}.Debug|x64.ActiveCfg = Debug|Any CPU
		{3327A69C-3798-4771-ACFB-1FA1D69C3C9C}.Debug|x64.Build.0 = Debug|Any CPU
		{3327A69C-3798-4771-ACFB-1FA1D69C3C9C}.Debug|x86.ActiveCfg = Debug|Any CPU
		{3327A69C-3798-4771-ACFB-1FA1D69C3C9C}.Debug|x86.Build.0 = Debug|Any CPU
		{3327A69C-3798-4771-ACFB-1FA1D69C3C9C}.Release|Any CPU.ActiveCfg = Release|Any CPU
		{3327A69C-3798-4771-ACFB-1FA1D69C3C9C}.Release|Any CPU.Build.0 = Release|Any CPU
		{3327A69C-3798-4771-ACFB-1FA1D69C3C9C}.Release|x64.ActiveCfg = Release|Any CPU
		{3327A69C-3798-4771-ACFB-1FA1D69C3C9C}.Release|x64.Build.0 = Release|Any CPU
		{3327A69C-3798-4771-ACFB-1FA1D69C3C9C}.Release|x86.ActiveCfg = Release|Any CPU
		{3327A69C-3798-4771-ACFB-1FA1D69C3C9C}.Release|x86.Build.0 = Release|Any CPU
		{5595A6CC-FFB2-4049-840C-1C112B3CB9C7}.Debug|Any CPU.ActiveCfg = Debug|Any CPU
		{5595A6CC-FFB2-4049-840C-1C112B3CB9C7}.Debug|Any CPU.Build.0 = Debug|Any CPU
		{5595A6CC-FFB2-4049-840C-1C112B3CB9C7}.Debug|x64.ActiveCfg = Debug|Any CPU
		{5595A6CC-FFB2-4049-840C-1C112B3CB9C7}.Debug|x64.Build.0 = Debug|Any CPU
		{5595A6CC-FFB2-4049-840C-1C112B3CB9C7}.Debug|x86.ActiveCfg = Debug|Any CPU
		{5595A6CC-FFB2-4049-840C-1C112B3CB9C7}.Debug|x86.Build.0 = Debug|Any CPU
		{5595A6CC-FFB2-4049-840C-1C112B3CB9C7}.Release|Any CPU.ActiveCfg = Release|Any CPU
		{5595A6CC-FFB2-4049-840C-1C112B3CB9C7}.Release|Any CPU.Build.0 = Release|Any CPU
		{5595A6CC-FFB2-4049-840C-1C112B3CB9C7}.Release|x64.ActiveCfg = Release|Any CPU
		{5595A6CC-FFB2-4049-840C-1C112B3CB9C7}.Release|x64.Build.0 = Release|Any CPU
		{5595A6CC-FFB2-4049-840C-1C112B3CB9C7}.Release|x86.ActiveCfg = Release|Any CPU
		{5595A6CC-FFB2-4049-840C-1C112B3CB9C7}.Release|x86.Build.0 = Release|Any CPU
		{05FFD21B-61A8-43FB-A6EF-0CA9C9475BDA}.Debug|Any CPU.ActiveCfg = Debug|Any CPU
		{05FFD21B-61A8-43FB-A6EF-0CA9C9475BDA}.Debug|Any CPU.Build.0 = Debug|Any CPU
		{05FFD21B-61A8-43FB-A6EF-0CA9C9475BDA}.Debug|x64.ActiveCfg = Debug|Any CPU
		{05FFD21B-61A8-43FB-A6EF-0CA9C9475BDA}.Debug|x64.Build.0 = Debug|Any CPU
		{05FFD21B-61A8-43FB-A6EF-0CA9C9475BDA}.Debug|x86.ActiveCfg = Debug|Any CPU
		{05FFD21B-61A8-43FB-A6EF-0CA9C9475BDA}.Debug|x86.Build.0 = Debug|Any CPU
		{05FFD21B-61A8-43FB-A6EF-0CA9C9475BDA}.Release|Any CPU.ActiveCfg = Release|Any CPU
		{05FFD21B-61A8-43FB-A6EF-0CA9C9475BDA}.Release|Any CPU.Build.0 = Release|Any CPU
		{05FFD21B-61A8-43FB-A6EF-0CA9C9475BDA}.Release|x64.ActiveCfg = Release|Any CPU
		{05FFD21B-61A8-43FB-A6EF-0CA9C9475BDA}.Release|x64.Build.0 = Release|Any CPU
		{05FFD21B-61A8-43FB-A6EF-0CA9C9475BDA}.Release|x86.ActiveCfg = Release|Any CPU
		{05FFD21B-61A8-43FB-A6EF-0CA9C9475BDA}.Release|x86.Build.0 = Release|Any CPU
		{1DF07656-7CF8-40AB-BDE8-2DEB62F86BB1}.Debug|Any CPU.ActiveCfg = Debug|Any CPU
		{1DF07656-7CF8-40AB-BDE8-2DEB62F86BB1}.Debug|Any CPU.Build.0 = Debug|Any CPU
		{1DF07656-7CF8-40AB-BDE8-2DEB62F86BB1}.Debug|x64.ActiveCfg = Debug|Any CPU
		{1DF07656-7CF8-40AB-BDE8-2DEB62F86BB1}.Debug|x64.Build.0 = Debug|Any CPU
		{1DF07656-7CF8-40AB-BDE8-2DEB62F86BB1}.Debug|x86.ActiveCfg = Debug|Any CPU
		{1DF07656-7CF8-40AB-BDE8-2DEB62F86BB1}.Debug|x86.Build.0 = Debug|Any CPU
		{1DF07656-7CF8-40AB-BDE8-2DEB62F86BB1}.Release|Any CPU.ActiveCfg = Release|Any CPU
		{1DF07656-7CF8-40AB-BDE8-2DEB62F86BB1}.Release|Any CPU.Build.0 = Release|Any CPU
		{1DF07656-7CF8-40AB-BDE8-2DEB62F86BB1}.Release|x64.ActiveCfg = Release|Any CPU
		{1DF07656-7CF8-40AB-BDE8-2DEB62F86BB1}.Release|x64.Build.0 = Release|Any CPU
		{1DF07656-7CF8-40AB-BDE8-2DEB62F86BB1}.Release|x86.ActiveCfg = Release|Any CPU
		{1DF07656-7CF8-40AB-BDE8-2DEB62F86BB1}.Release|x86.Build.0 = Release|Any CPU
		{FFF8238A-312D-4CB9-99F4-55DF193F8503}.Debug|Any CPU.ActiveCfg = Debug|Any CPU
		{FFF8238A-312D-4CB9-99F4-55DF193F8503}.Debug|Any CPU.Build.0 = Debug|Any CPU
		{FFF8238A-312D-4CB9-99F4-55DF193F8503}.Debug|x64.ActiveCfg = Debug|Any CPU
		{FFF8238A-312D-4CB9-99F4-55DF193F8503}.Debug|x64.Build.0 = Debug|Any CPU
		{FFF8238A-312D-4CB9-99F4-55DF193F8503}.Debug|x86.ActiveCfg = Debug|Any CPU
		{FFF8238A-312D-4CB9-99F4-55DF193F8503}.Debug|x86.Build.0 = Debug|Any CPU
		{FFF8238A-312D-4CB9-99F4-55DF193F8503}.Release|Any CPU.ActiveCfg = Release|Any CPU
		{FFF8238A-312D-4CB9-99F4-55DF193F8503}.Release|Any CPU.Build.0 = Release|Any CPU
		{FFF8238A-312D-4CB9-99F4-55DF193F8503}.Release|x64.ActiveCfg = Release|Any CPU
		{FFF8238A-312D-4CB9-99F4-55DF193F8503}.Release|x64.Build.0 = Release|Any CPU
		{FFF8238A-312D-4CB9-99F4-55DF193F8503}.Release|x86.ActiveCfg = Release|Any CPU
		{FFF8238A-312D-4CB9-99F4-55DF193F8503}.Release|x86.Build.0 = Release|Any CPU
		{256E83BD-6D41-461D-A150-5034DFADC5AF}.Debug|Any CPU.ActiveCfg = Debug|Any CPU
		{256E83BD-6D41-461D-A150-5034DFADC5AF}.Debug|Any CPU.Build.0 = Debug|Any CPU
		{256E83BD-6D41-461D-A150-5034DFADC5AF}.Debug|x64.ActiveCfg = Debug|Any CPU
		{256E83BD-6D41-461D-A150-5034DFADC5AF}.Debug|x64.Build.0 = Debug|Any CPU
		{256E83BD-6D41-461D-A150-5034DFADC5AF}.Debug|x86.ActiveCfg = Debug|Any CPU
		{256E83BD-6D41-461D-A150-5034DFADC5AF}.Debug|x86.Build.0 = Debug|Any CPU
		{256E83BD-6D41-461D-A150-5034DFADC5AF}.Release|Any CPU.ActiveCfg = Release|Any CPU
		{256E83BD-6D41-461D-A150-5034DFADC5AF}.Release|Any CPU.Build.0 = Release|Any CPU
		{256E83BD-6D41-461D-A150-5034DFADC5AF}.Release|x64.ActiveCfg = Release|Any CPU
		{256E83BD-6D41-461D-A150-5034DFADC5AF}.Release|x64.Build.0 = Release|Any CPU
		{256E83BD-6D41-461D-A150-5034DFADC5AF}.Release|x86.ActiveCfg = Release|Any CPU
		{256E83BD-6D41-461D-A150-5034DFADC5AF}.Release|x86.Build.0 = Release|Any CPU
		{D2606920-C4A4-42AD-9DAC-A8014D8353E3}.Debug|Any CPU.ActiveCfg = Debug|Any CPU
		{D2606920-C4A4-42AD-9DAC-A8014D8353E3}.Debug|Any CPU.Build.0 = Debug|Any CPU
		{D2606920-C4A4-42AD-9DAC-A8014D8353E3}.Debug|x64.ActiveCfg = Debug|Any CPU
		{D2606920-C4A4-42AD-9DAC-A8014D8353E3}.Debug|x64.Build.0 = Debug|Any CPU
		{D2606920-C4A4-42AD-9DAC-A8014D8353E3}.Debug|x86.ActiveCfg = Debug|Any CPU
		{D2606920-C4A4-42AD-9DAC-A8014D8353E3}.Debug|x86.Build.0 = Debug|Any CPU
		{D2606920-C4A4-42AD-9DAC-A8014D8353E3}.Release|Any CPU.ActiveCfg = Release|Any CPU
		{D2606920-C4A4-42AD-9DAC-A8014D8353E3}.Release|Any CPU.Build.0 = Release|Any CPU
		{D2606920-C4A4-42AD-9DAC-A8014D8353E3}.Release|x64.ActiveCfg = Release|Any CPU
		{D2606920-C4A4-42AD-9DAC-A8014D8353E3}.Release|x64.Build.0 = Release|Any CPU
		{D2606920-C4A4-42AD-9DAC-A8014D8353E3}.Release|x86.ActiveCfg = Release|Any CPU
		{D2606920-C4A4-42AD-9DAC-A8014D8353E3}.Release|x86.Build.0 = Release|Any CPU
		{CDEDDA20-3F76-41D0-B037-95D237B3514E}.Debug|Any CPU.ActiveCfg = Debug|Any CPU
		{CDEDDA20-3F76-41D0-B037-95D237B3514E}.Debug|Any CPU.Build.0 = Debug|Any CPU
		{CDEDDA20-3F76-41D0-B037-95D237B3514E}.Debug|x64.ActiveCfg = Debug|Any CPU
		{CDEDDA20-3F76-41D0-B037-95D237B3514E}.Debug|x64.Build.0 = Debug|Any CPU
		{CDEDDA20-3F76-41D0-B037-95D237B3514E}.Debug|x86.ActiveCfg = Debug|Any CPU
		{CDEDDA20-3F76-41D0-B037-95D237B3514E}.Debug|x86.Build.0 = Debug|Any CPU
		{CDEDDA20-3F76-41D0-B037-95D237B3514E}.Release|Any CPU.ActiveCfg = Release|Any CPU
		{CDEDDA20-3F76-41D0-B037-95D237B3514E}.Release|Any CPU.Build.0 = Release|Any CPU
		{CDEDDA20-3F76-41D0-B037-95D237B3514E}.Release|x64.ActiveCfg = Release|Any CPU
		{CDEDDA20-3F76-41D0-B037-95D237B3514E}.Release|x64.Build.0 = Release|Any CPU
		{CDEDDA20-3F76-41D0-B037-95D237B3514E}.Release|x86.ActiveCfg = Release|Any CPU
		{CDEDDA20-3F76-41D0-B037-95D237B3514E}.Release|x86.Build.0 = Release|Any CPU
		{8AE4959D-E098-4503-8CD7-406D23E164C5}.Debug|Any CPU.ActiveCfg = Debug|Any CPU
		{8AE4959D-E098-4503-8CD7-406D23E164C5}.Debug|Any CPU.Build.0 = Debug|Any CPU
		{8AE4959D-E098-4503-8CD7-406D23E164C5}.Debug|x64.ActiveCfg = Debug|Any CPU
		{8AE4959D-E098-4503-8CD7-406D23E164C5}.Debug|x64.Build.0 = Debug|Any CPU
		{8AE4959D-E098-4503-8CD7-406D23E164C5}.Debug|x86.ActiveCfg = Debug|Any CPU
		{8AE4959D-E098-4503-8CD7-406D23E164C5}.Debug|x86.Build.0 = Debug|Any CPU
		{8AE4959D-E098-4503-8CD7-406D23E164C5}.Release|Any CPU.ActiveCfg = Release|Any CPU
		{8AE4959D-E098-4503-8CD7-406D23E164C5}.Release|Any CPU.Build.0 = Release|Any CPU
		{8AE4959D-E098-4503-8CD7-406D23E164C5}.Release|x64.ActiveCfg = Release|Any CPU
		{8AE4959D-E098-4503-8CD7-406D23E164C5}.Release|x64.Build.0 = Release|Any CPU
		{8AE4959D-E098-4503-8CD7-406D23E164C5}.Release|x86.ActiveCfg = Release|Any CPU
		{8AE4959D-E098-4503-8CD7-406D23E164C5}.Release|x86.Build.0 = Release|Any CPU
		{8621ECDA-55AE-4682-9C3D-5D4B181BB81E}.Debug|Any CPU.ActiveCfg = Debug|Any CPU
		{8621ECDA-55AE-4682-9C3D-5D4B181BB81E}.Debug|Any CPU.Build.0 = Debug|Any CPU
		{8621ECDA-55AE-4682-9C3D-5D4B181BB81E}.Debug|x64.ActiveCfg = Debug|Any CPU
		{8621ECDA-55AE-4682-9C3D-5D4B181BB81E}.Debug|x64.Build.0 = Debug|Any CPU
		{8621ECDA-55AE-4682-9C3D-5D4B181BB81E}.Debug|x86.ActiveCfg = Debug|Any CPU
		{8621ECDA-55AE-4682-9C3D-5D4B181BB81E}.Debug|x86.Build.0 = Debug|Any CPU
		{8621ECDA-55AE-4682-9C3D-5D4B181BB81E}.Release|Any CPU.ActiveCfg = Release|Any CPU
		{8621ECDA-55AE-4682-9C3D-5D4B181BB81E}.Release|Any CPU.Build.0 = Release|Any CPU
		{8621ECDA-55AE-4682-9C3D-5D4B181BB81E}.Release|x64.ActiveCfg = Release|Any CPU
		{8621ECDA-55AE-4682-9C3D-5D4B181BB81E}.Release|x64.Build.0 = Release|Any CPU
		{8621ECDA-55AE-4682-9C3D-5D4B181BB81E}.Release|x86.ActiveCfg = Release|Any CPU
		{8621ECDA-55AE-4682-9C3D-5D4B181BB81E}.Release|x86.Build.0 = Release|Any CPU
		{9C75901F-E38C-4F33-AD71-011AB371D2B8}.Debug|Any CPU.ActiveCfg = Debug|Any CPU
		{9C75901F-E38C-4F33-AD71-011AB371D2B8}.Debug|Any CPU.Build.0 = Debug|Any CPU
		{9C75901F-E38C-4F33-AD71-011AB371D2B8}.Debug|x64.ActiveCfg = Debug|Any CPU
		{9C75901F-E38C-4F33-AD71-011AB371D2B8}.Debug|x64.Build.0 = Debug|Any CPU
		{9C75901F-E38C-4F33-AD71-011AB371D2B8}.Debug|x86.ActiveCfg = Debug|Any CPU
		{9C75901F-E38C-4F33-AD71-011AB371D2B8}.Debug|x86.Build.0 = Debug|Any CPU
		{9C75901F-E38C-4F33-AD71-011AB371D2B8}.Release|Any CPU.ActiveCfg = Release|Any CPU
		{9C75901F-E38C-4F33-AD71-011AB371D2B8}.Release|Any CPU.Build.0 = Release|Any CPU
		{9C75901F-E38C-4F33-AD71-011AB371D2B8}.Release|x64.ActiveCfg = Release|Any CPU
		{9C75901F-E38C-4F33-AD71-011AB371D2B8}.Release|x64.Build.0 = Release|Any CPU
		{9C75901F-E38C-4F33-AD71-011AB371D2B8}.Release|x86.ActiveCfg = Release|Any CPU
		{9C75901F-E38C-4F33-AD71-011AB371D2B8}.Release|x86.Build.0 = Release|Any CPU
		{01CB3359-BCFC-4D19-965D-D6962A1481EE}.Debug|Any CPU.ActiveCfg = Debug|Any CPU
		{01CB3359-BCFC-4D19-965D-D6962A1481EE}.Debug|Any CPU.Build.0 = Debug|Any CPU
		{01CB3359-BCFC-4D19-965D-D6962A1481EE}.Debug|x64.ActiveCfg = Debug|Any CPU
		{01CB3359-BCFC-4D19-965D-D6962A1481EE}.Debug|x64.Build.0 = Debug|Any CPU
		{01CB3359-BCFC-4D19-965D-D6962A1481EE}.Debug|x86.ActiveCfg = Debug|Any CPU
		{01CB3359-BCFC-4D19-965D-D6962A1481EE}.Debug|x86.Build.0 = Debug|Any CPU
		{01CB3359-BCFC-4D19-965D-D6962A1481EE}.Release|Any CPU.ActiveCfg = Release|Any CPU
		{01CB3359-BCFC-4D19-965D-D6962A1481EE}.Release|Any CPU.Build.0 = Release|Any CPU
		{01CB3359-BCFC-4D19-965D-D6962A1481EE}.Release|x64.ActiveCfg = Release|Any CPU
		{01CB3359-BCFC-4D19-965D-D6962A1481EE}.Release|x64.Build.0 = Release|Any CPU
		{01CB3359-BCFC-4D19-965D-D6962A1481EE}.Release|x86.ActiveCfg = Release|Any CPU
		{01CB3359-BCFC-4D19-965D-D6962A1481EE}.Release|x86.Build.0 = Release|Any CPU
		{F737C7F2-1C04-4464-83AD-9EAFC342D7FC}.Debug|Any CPU.ActiveCfg = Debug|Any CPU
		{F737C7F2-1C04-4464-83AD-9EAFC342D7FC}.Debug|Any CPU.Build.0 = Debug|Any CPU
		{F737C7F2-1C04-4464-83AD-9EAFC342D7FC}.Debug|x64.ActiveCfg = Debug|Any CPU
		{F737C7F2-1C04-4464-83AD-9EAFC342D7FC}.Debug|x64.Build.0 = Debug|Any CPU
		{F737C7F2-1C04-4464-83AD-9EAFC342D7FC}.Debug|x86.ActiveCfg = Debug|Any CPU
		{F737C7F2-1C04-4464-83AD-9EAFC342D7FC}.Debug|x86.Build.0 = Debug|Any CPU
		{F737C7F2-1C04-4464-83AD-9EAFC342D7FC}.Release|Any CPU.ActiveCfg = Release|Any CPU
		{F737C7F2-1C04-4464-83AD-9EAFC342D7FC}.Release|Any CPU.Build.0 = Release|Any CPU
		{F737C7F2-1C04-4464-83AD-9EAFC342D7FC}.Release|x64.ActiveCfg = Release|Any CPU
		{F737C7F2-1C04-4464-83AD-9EAFC342D7FC}.Release|x64.Build.0 = Release|Any CPU
		{F737C7F2-1C04-4464-83AD-9EAFC342D7FC}.Release|x86.ActiveCfg = Release|Any CPU
		{F737C7F2-1C04-4464-83AD-9EAFC342D7FC}.Release|x86.Build.0 = Release|Any CPU
		{8E481BF3-F536-40D3-8659-7007A4A6FD4E}.Debug|Any CPU.ActiveCfg = Debug|Any CPU
		{8E481BF3-F536-40D3-8659-7007A4A6FD4E}.Debug|Any CPU.Build.0 = Debug|Any CPU
		{8E481BF3-F536-40D3-8659-7007A4A6FD4E}.Debug|x64.ActiveCfg = Debug|Any CPU
		{8E481BF3-F536-40D3-8659-7007A4A6FD4E}.Debug|x64.Build.0 = Debug|Any CPU
		{8E481BF3-F536-40D3-8659-7007A4A6FD4E}.Debug|x86.ActiveCfg = Debug|Any CPU
		{8E481BF3-F536-40D3-8659-7007A4A6FD4E}.Debug|x86.Build.0 = Debug|Any CPU
		{8E481BF3-F536-40D3-8659-7007A4A6FD4E}.Release|Any CPU.ActiveCfg = Release|Any CPU
		{8E481BF3-F536-40D3-8659-7007A4A6FD4E}.Release|Any CPU.Build.0 = Release|Any CPU
		{8E481BF3-F536-40D3-8659-7007A4A6FD4E}.Release|x64.ActiveCfg = Release|Any CPU
		{8E481BF3-F536-40D3-8659-7007A4A6FD4E}.Release|x64.Build.0 = Release|Any CPU
		{8E481BF3-F536-40D3-8659-7007A4A6FD4E}.Release|x86.ActiveCfg = Release|Any CPU
		{8E481BF3-F536-40D3-8659-7007A4A6FD4E}.Release|x86.Build.0 = Release|Any CPU
		{EE09C782-7E48-4373-BE3C-6F2D543DB43C}.Debug|Any CPU.ActiveCfg = Debug|Any CPU
		{EE09C782-7E48-4373-BE3C-6F2D543DB43C}.Debug|Any CPU.Build.0 = Debug|Any CPU
		{EE09C782-7E48-4373-BE3C-6F2D543DB43C}.Debug|x64.ActiveCfg = Debug|Any CPU
		{EE09C782-7E48-4373-BE3C-6F2D543DB43C}.Debug|x64.Build.0 = Debug|Any CPU
		{EE09C782-7E48-4373-BE3C-6F2D543DB43C}.Debug|x86.ActiveCfg = Debug|Any CPU
		{EE09C782-7E48-4373-BE3C-6F2D543DB43C}.Debug|x86.Build.0 = Debug|Any CPU
		{EE09C782-7E48-4373-BE3C-6F2D543DB43C}.Release|Any CPU.ActiveCfg = Release|Any CPU
		{EE09C782-7E48-4373-BE3C-6F2D543DB43C}.Release|Any CPU.Build.0 = Release|Any CPU
		{EE09C782-7E48-4373-BE3C-6F2D543DB43C}.Release|x64.ActiveCfg = Release|Any CPU
		{EE09C782-7E48-4373-BE3C-6F2D543DB43C}.Release|x64.Build.0 = Release|Any CPU
		{EE09C782-7E48-4373-BE3C-6F2D543DB43C}.Release|x86.ActiveCfg = Release|Any CPU
		{EE09C782-7E48-4373-BE3C-6F2D543DB43C}.Release|x86.Build.0 = Release|Any CPU
		{D1FC5C8F-36A0-452B-AFBE-CAA2E3F08F41}.Debug|Any CPU.ActiveCfg = Debug|Any CPU
		{D1FC5C8F-36A0-452B-AFBE-CAA2E3F08F41}.Debug|Any CPU.Build.0 = Debug|Any CPU
		{D1FC5C8F-36A0-452B-AFBE-CAA2E3F08F41}.Debug|x64.ActiveCfg = Debug|Any CPU
		{D1FC5C8F-36A0-452B-AFBE-CAA2E3F08F41}.Debug|x64.Build.0 = Debug|Any CPU
		{D1FC5C8F-36A0-452B-AFBE-CAA2E3F08F41}.Debug|x86.ActiveCfg = Debug|Any CPU
		{D1FC5C8F-36A0-452B-AFBE-CAA2E3F08F41}.Debug|x86.Build.0 = Debug|Any CPU
		{D1FC5C8F-36A0-452B-AFBE-CAA2E3F08F41}.Release|Any CPU.ActiveCfg = Release|Any CPU
		{D1FC5C8F-36A0-452B-AFBE-CAA2E3F08F41}.Release|Any CPU.Build.0 = Release|Any CPU
		{D1FC5C8F-36A0-452B-AFBE-CAA2E3F08F41}.Release|x64.ActiveCfg = Release|Any CPU
		{D1FC5C8F-36A0-452B-AFBE-CAA2E3F08F41}.Release|x64.Build.0 = Release|Any CPU
		{D1FC5C8F-36A0-452B-AFBE-CAA2E3F08F41}.Release|x86.ActiveCfg = Release|Any CPU
		{D1FC5C8F-36A0-452B-AFBE-CAA2E3F08F41}.Release|x86.Build.0 = Release|Any CPU
		{DB579540-ED00-4E9E-8274-1ED4AAF25FAE}.Debug|Any CPU.ActiveCfg = Debug|Any CPU
		{DB579540-ED00-4E9E-8274-1ED4AAF25FAE}.Debug|Any CPU.Build.0 = Debug|Any CPU
		{DB579540-ED00-4E9E-8274-1ED4AAF25FAE}.Debug|x64.ActiveCfg = Debug|Any CPU
		{DB579540-ED00-4E9E-8274-1ED4AAF25FAE}.Debug|x64.Build.0 = Debug|Any CPU
		{DB579540-ED00-4E9E-8274-1ED4AAF25FAE}.Debug|x86.ActiveCfg = Debug|Any CPU
		{DB579540-ED00-4E9E-8274-1ED4AAF25FAE}.Debug|x86.Build.0 = Debug|Any CPU
		{DB579540-ED00-4E9E-8274-1ED4AAF25FAE}.Release|Any CPU.ActiveCfg = Release|Any CPU
		{DB579540-ED00-4E9E-8274-1ED4AAF25FAE}.Release|Any CPU.Build.0 = Release|Any CPU
		{DB579540-ED00-4E9E-8274-1ED4AAF25FAE}.Release|x64.ActiveCfg = Release|Any CPU
		{DB579540-ED00-4E9E-8274-1ED4AAF25FAE}.Release|x64.Build.0 = Release|Any CPU
		{DB579540-ED00-4E9E-8274-1ED4AAF25FAE}.Release|x86.ActiveCfg = Release|Any CPU
		{DB579540-ED00-4E9E-8274-1ED4AAF25FAE}.Release|x86.Build.0 = Release|Any CPU
	EndGlobalSection
	GlobalSection(SolutionProperties) = preSolution
		HideSolutionNode = FALSE
	EndGlobalSection
	GlobalSection(NestedProjects) = preSolution
		{90F3E5CD-0AE1-472B-F69C-00547D4998A5} = {AC9692F7-043A-D7B8-1C81-5071EE330971}
		{05FFD21B-61A8-43FB-A6EF-0CA9C9475BDA} = {90F3E5CD-0AE1-472B-F69C-00547D4998A5}
		{1DF07656-7CF8-40AB-BDE8-2DEB62F86BB1} = {90F3E5CD-0AE1-472B-F69C-00547D4998A5}
		{FFF8238A-312D-4CB9-99F4-55DF193F8503} = {90F3E5CD-0AE1-472B-F69C-00547D4998A5}
		{256E83BD-6D41-461D-A150-5034DFADC5AF} = {90F3E5CD-0AE1-472B-F69C-00547D4998A5}
		{90F00F6E-A6F2-ABB2-DCAE-80931E672E5C} = {AC9692F7-043A-D7B8-1C81-5071EE330971}
		{D2606920-C4A4-42AD-9DAC-A8014D8353E3} = {90F00F6E-A6F2-ABB2-DCAE-80931E672E5C}
		{7590B46D-EF60-8DA4-E4D1-80827D86B47F} = {02EA681E-C7D8-13C7-8484-4AC65E1B71E8}
		{CDEDDA20-3F76-41D0-B037-95D237B3514E} = {7590B46D-EF60-8DA4-E4D1-80827D86B47F}
		{8AE4959D-E098-4503-8CD7-406D23E164C5} = {7590B46D-EF60-8DA4-E4D1-80827D86B47F}
		{8621ECDA-55AE-4682-9C3D-5D4B181BB81E} = {7590B46D-EF60-8DA4-E4D1-80827D86B47F}
		{9C75901F-E38C-4F33-AD71-011AB371D2B8} = {7590B46D-EF60-8DA4-E4D1-80827D86B47F}
		{7159D1C9-C711-F71C-1FD5-ABC862660025} = {02EA681E-C7D8-13C7-8484-4AC65E1B71E8}
		{01CB3359-BCFC-4D19-965D-D6962A1481EE} = {7159D1C9-C711-F71C-1FD5-ABC862660025}
		{94C4EDA3-7149-CD2D-89C1-7222395C7D6F} = {3CC7BA0C-5A2C-40CB-572C-DD7170B4CAD8}
		{F737C7F2-1C04-4464-83AD-9EAFC342D7FC} = {94C4EDA3-7149-CD2D-89C1-7222395C7D6F}
		{8E481BF3-F536-40D3-8659-7007A4A6FD4E} = {94C4EDA3-7149-CD2D-89C1-7222395C7D6F}
		{EE09C782-7E48-4373-BE3C-6F2D543DB43C} = {94C4EDA3-7149-CD2D-89C1-7222395C7D6F}
		{D1FC5C8F-36A0-452B-AFBE-CAA2E3F08F41} = {94C4EDA3-7149-CD2D-89C1-7222395C7D6F}
		{9E721EA2-ABF0-0197-188F-FE35BF8A4628} = {3CC7BA0C-5A2C-40CB-572C-DD7170B4CAD8}
		{DB579540-ED00-4E9E-8274-1ED4AAF25FAE} = {9E721EA2-ABF0-0197-188F-FE35BF8A4628}
	EndGlobalSection
	GlobalSection(ExtensibilityGlobals) = postSolution
		SolutionGuid = {429EEC40-71C3-4982-9021-BB9A528056CA}
	EndGlobalSection
EndGlobal
